
Microsoft Visual Studio Solution File, Format Version 12.00
# Visual Studio Version 16
VisualStudioVersion = 16.0.31112.23
MinimumVisualStudioVersion = 10.0.40219.1
Project("{FAE04EC0-301F-11D3-BF4B-00C04F79EFBC}") = "RealCalculator", "calculatorApp\RealCalculator.csproj", "{9A1E3ED2-1D34-4E35-AFB5-F87EDCE24085}"
EndProject
Project("{FAE04EC0-301F-11D3-BF4B-00C04F79EFBC}") = "AverageNumber", "AverageNumber\AverageNumber.csproj", "{0D21766B-4D7E-4F04-B083-3673E390B573}"
EndProject
Project("{FAE04EC0-301F-11D3-BF4B-00C04F79EFBC}") = "SwapNumbers", "SwapNumbers\SwapNumbers.csproj", "{D72AB3DC-F970-4835-BA18-B3F739507EC3}"
EndProject
Project("{FAE04EC0-301F-11D3-BF4B-00C04F79EFBC}") = "FindStatistics", "FindStatistics\FindStatistics.csproj", "{CAEC7A4D-53A3-4E60-B053-3BA6C78B53E8}"
EndProject
Project("{FAE04EC0-301F-11D3-BF4B-00C04F79EFBC}") = "appTask5", "appTask5\appTask5.csproj", "{3C2B4B4A-B56D-4C49-9918-DCCBCCA5FE80}"
EndProject
Global
	GlobalSection(SolutionConfigurationPlatforms) = preSolution
		Debug|Any CPU = Debug|Any CPU
		Release|Any CPU = Release|Any CPU
	EndGlobalSection
	GlobalSection(ProjectConfigurationPlatforms) = postSolution
		{9A1E3ED2-1D34-4E35-AFB5-F87EDCE24085}.Debug|Any CPU.ActiveCfg = Debug|Any CPU
		{9A1E3ED2-1D34-4E35-AFB5-F87EDCE24085}.Debug|Any CPU.Build.0 = Debug|Any CPU
		{9A1E3ED2-1D34-4E35-AFB5-F87EDCE24085}.Release|Any CPU.ActiveCfg = Release|Any CPU
		{9A1E3ED2-1D34-4E35-AFB5-F87EDCE24085}.Release|Any CPU.Build.0 = Release|Any CPU
		{0D21766B-4D7E-4F04-B083-3673E390B573}.Debug|Any CPU.ActiveCfg = Debug|Any CPU
		{0D21766B-4D7E-4F04-B083-3673E390B573}.Debug|Any CPU.Build.0 = Debug|Any CPU
		{0D21766B-4D7E-4F04-B083-3673E390B573}.Release|Any CPU.ActiveCfg = Release|Any CPU
		{0D21766B-4D7E-4F04-B083-3673E390B573}.Release|Any CPU.Build.0 = Release|Any CPU
		{D72AB3DC-F970-4835-BA18-B3F739507EC3}.Debug|Any CPU.ActiveCfg = Debug|Any CPU
		{D72AB3DC-F970-4835-BA18-B3F739507EC3}.Debug|Any CPU.Build.0 = Debug|Any CPU
		{D72AB3DC-F970-4835-BA18-B3F739507EC3}.Release|Any CPU.ActiveCfg = Release|Any CPU
		{D72AB3DC-F970-4835-BA18-B3F739507EC3}.Release|Any CPU.Build.0 = Release|Any CPU
		{CAEC7A4D-53A3-4E60-B053-3BA6C78B53E8}.Debug|Any CPU.ActiveCfg = Debug|Any CPU
		{CAEC7A4D-53A3-4E60-B053-3BA6C78B53E8}.Debug|Any CPU.Build.0 = Debug|Any CPU
		{CAEC7A4D-53A3-4E60-B053-3BA6C78B53E8}.Release|Any CPU.ActiveCfg = Release|Any CPU
		{CAEC7A4D-53A3-4E60-B053-3BA6C78B53E8}.Release|Any CPU.Build.0 = Release|Any CPU
		{3C2B4B4A-B56D-4C49-9918-DCCBCCA5FE80}.Debug|Any CPU.ActiveCfg = Debug|Any CPU
		{3C2B4B4A-B56D-4C49-9918-DCCBCCA5FE80}.Debug|Any CPU.Build.0 = Debug|Any CPU
		{3C2B4B4A-B56D-4C49-9918-DCCBCCA5FE80}.Release|Any CPU.ActiveCfg = Release|Any CPU
		{3C2B4B4A-B56D-4C49-9918-DCCBCCA5FE80}.Release|Any CPU.Build.0 = Release|Any CPU
	EndGlobalSection
	GlobalSection(SolutionProperties) = preSolution
		HideSolutionNode = FALSE
	EndGlobalSection
	GlobalSection(ExtensibilityGlobals) = postSolution
		SolutionGuid = {FCEAD817-6645-44D1-ACF9-8D4843A96E72}
	EndGlobalSection
EndGlobal
